
Microsoft Visual Studio Solution File, Format Version 12.00
# Visual Studio Version 16
VisualStudioVersion = 16.0.28803.202
MinimumVisualStudioVersion = 10.0.40219.1
Project("{FAE04EC0-301F-11D3-BF4B-00C04F79EFBC}") = "Vidly", "Vidly\Vidly.csproj", "{968EAB7C-8129-42E3-83B0-309A406E9055}"
EndProject
Project("{FAE04EC0-301F-11D3-BF4B-00C04F79EFBC}") = "Vidly.Tests", "Vidly.Tests\Vidly.Tests.csproj", "{933F6F6A-A873-43C3-9733-28569099CB56}"
EndProject
Global
	GlobalSection(SolutionConfigurationPlatforms) = preSolution
		Debug|Any CPU = Debug|Any CPU
		Release|Any CPU = Release|Any CPU
	EndGlobalSection
	GlobalSection(ProjectConfigurationPlatforms) = postSolution
		{968EAB7C-8129-42E3-83B0-309A406E9055}.Debug|Any CPU.ActiveCfg = Debug|Any CPU
		{968EAB7C-8129-42E3-83B0-309A406E9055}.Debug|Any CPU.Build.0 = Debug|Any CPU
		{968EAB7C-8129-42E3-83B0-309A406E9055}.Release|Any CPU.ActiveCfg = Release|Any CPU
		{968EAB7C-8129-42E3-83B0-309A406E9055}.Release|Any CPU.Build.0 = Release|Any CPU
		{933F6F6A-A873-43C3-9733-28569099CB56}.Debug|Any CPU.ActiveCfg = Debug|Any CPU
		{933F6F6A-A873-43C3-9733-28569099CB56}.Debug|Any CPU.Build.0 = Debug|Any CPU
		{933F6F6A-A873-43C3-9733-28569099CB56}.Release|Any CPU.ActiveCfg = Release|Any CPU
		{933F6F6A-A873-43C3-9733-28569099CB56}.Release|Any CPU.Build.0 = Release|Any CPU
	EndGlobalSection
	GlobalSection(SolutionProperties) = preSolution
		HideSolutionNode = FALSE
	EndGlobalSection
	GlobalSection(ExtensibilityGlobals) = postSolution
		SolutionGuid = {7E18593D-76CB-4FFB-8008-CD2AE1DF9931}
	EndGlobalSection
EndGlobal
